// !$*UTF8*$!
{
	archiveVersion = 1;
	classes = {
	};
	objectVersion = 50;
	objects = {

/* Begin PBXBuildFile section */
		56374AFB26B21D6400DE05F7 /* CustomCell.swift in Sources */ = {isa = PBXBuildFile; fileRef = 56374AF926B21D6400DE05F7 /* CustomCell.swift */; };
		56374AFC26B21D6400DE05F7 /* CustomCell.xib in Resources */ = {isa = PBXBuildFile; fileRef = 56374AFA26B21D6400DE05F7 /* CustomCell.xib */; };
		56374B0026B21D9300DE05F7 /* DetailViewController.swift in Sources */ = {isa = PBXBuildFile; fileRef = 56374AFF26B21D9300DE05F7 /* DetailViewController.swift */; };
		56806F6E26B21B4E008C3F04 /* AppDelegate.swift in Sources */ = {isa = PBXBuildFile; fileRef = 56806F6D26B21B4E008C3F04 /* AppDelegate.swift */; };
		56806F7026B21B4E008C3F04 /* SceneDelegate.swift in Sources */ = {isa = PBXBuildFile; fileRef = 56806F6F26B21B4E008C3F04 /* SceneDelegate.swift */; };
		56806F7226B21B4E008C3F04 /* ViewController.swift in Sources */ = {isa = PBXBuildFile; fileRef = 56806F7126B21B4E008C3F04 /* ViewController.swift */; };
		56806F7526B21B4E008C3F04 /* Main.storyboard in Resources */ = {isa = PBXBuildFile; fileRef = 56806F7326B21B4E008C3F04 /* Main.storyboard */; };
		56806F7726B21B4F008C3F04 /* Assets.xcassets in Resources */ = {isa = PBXBuildFile; fileRef = 56806F7626B21B4F008C3F04 /* Assets.xcassets */; };
		56806F7A26B21B4F008C3F04 /* LaunchScreen.storyboard in Resources */ = {isa = PBXBuildFile; fileRef = 56806F7826B21B4F008C3F04 /* LaunchScreen.storyboard */; };
		56806F8426B21BA9008C3F04 /* pokemon.swift in Sources */ = {isa = PBXBuildFile; fileRef = 56806F8326B21BA9008C3F04 /* pokemon.swift */; };
		56806F8826B21BFD008C3F04 /* PokemonListController.swift in Sources */ = {isa = PBXBuildFile; fileRef = 56806F8726B21BFD008C3F04 /* PokemonListController.swift */; };
		56806F8C26B21C1E008C3F04 /* pokemon.json in Resources */ = {isa = PBXBuildFile; fileRef = 56806F8B26B21C1E008C3F04 /* pokemon.json */; };
/* End PBXBuildFile section */

/* Begin PBXFileReference section */
		56374AF926B21D6400DE05F7 /* CustomCell.swift */ = {isa = PBXFileReference; lastKnownFileType = sourcecode.swift; path = CustomCell.swift; sourceTree = "<group>"; };
		56374AFA26B21D6400DE05F7 /* CustomCell.xib */ = {isa = PBXFileReference; lastKnownFileType = file.xib; path = CustomCell.xib; sourceTree = "<group>"; };
		56374AFF26B21D9300DE05F7 /* DetailViewController.swift */ = {isa = PBXFileReference; fileEncoding = 4; lastKnownFileType = sourcecode.swift; path = DetailViewController.swift; sourceTree = "<group>"; };
		56806F6A26B21B4E008C3F04 /* pokemonMVC.app */ = {isa = PBXFileReference; explicitFileType = wrapper.application; includeInIndex = 0; path = pokemonMVC.app; sourceTree = BUILT_PRODUCTS_DIR; };
		56806F6D26B21B4E008C3F04 /* AppDelegate.swift */ = {isa = PBXFileReference; lastKnownFileType = sourcecode.swift; path = AppDelegate.swift; sourceTree = "<group>"; };
		56806F6F26B21B4E008C3F04 /* SceneDelegate.swift */ = {isa = PBXFileReference; lastKnownFileType = sourcecode.swift; path = SceneDelegate.swift; sourceTree = "<group>"; };
		56806F7126B21B4E008C3F04 /* ViewController.swift */ = {isa = PBXFileReference; lastKnownFileType = sourcecode.swift; path = ViewController.swift; sourceTree = "<group>"; };
		56806F7426B21B4E008C3F04 /* Base */ = {isa = PBXFileReference; lastKnownFileType = file.storyboard; name = Base; path = Base.lproj/Main.storyboard; sourceTree = "<group>"; };
		56806F7626B21B4F008C3F04 /* Assets.xcassets */ = {isa = PBXFileReference; lastKnownFileType = folder.assetcatalog; path = Assets.xcassets; sourceTree = "<group>"; };
		56806F7926B21B4F008C3F04 /* Base */ = {isa = PBXFileReference; lastKnownFileType = file.storyboard; name = Base; path = Base.lproj/LaunchScreen.storyboard; sourceTree = "<group>"; };
		56806F7B26B21B4F008C3F04 /* Info.plist */ = {isa = PBXFileReference; lastKnownFileType = text.plist.xml; path = Info.plist; sourceTree = "<group>"; };
		56806F8326B21BA9008C3F04 /* pokemon.swift */ = {isa = PBXFileReference; lastKnownFileType = sourcecode.swift; path = pokemon.swift; sourceTree = "<group>"; };
		56806F8726B21BFD008C3F04 /* PokemonListController.swift */ = {isa = PBXFileReference; lastKnownFileType = sourcecode.swift; path = PokemonListController.swift; sourceTree = "<group>"; };
		56806F8B26B21C1E008C3F04 /* pokemon.json */ = {isa = PBXFileReference; lastKnownFileType = text.json; path = pokemon.json; sourceTree = "<group>"; };
/* End PBXFileReference section */

/* Begin PBXFrameworksBuildPhase section */
		56806F6726B21B4E008C3F04 /* Frameworks */ = {
			isa = PBXFrameworksBuildPhase;
			buildActionMask = 2147483647;
			files = (
			);
			runOnlyForDeploymentPostprocessing = 0;
		};
/* End PBXFrameworksBuildPhase section */

/* Begin PBXGroup section */
		56806F6126B21B4E008C3F04 = {
			isa = PBXGroup;
			children = (
				56806F6C26B21B4E008C3F04 /* pokemonMVC */,
				56806F6B26B21B4E008C3F04 /* Products */,
			);
			sourceTree = "<group>";
		};
		56806F6B26B21B4E008C3F04 /* Products */ = {
			isa = PBXGroup;
			children = (
				56806F6A26B21B4E008C3F04 /* pokemonMVC.app */,
			);
			name = Products;
			sourceTree = "<group>";
		};
		56806F6C26B21B4E008C3F04 /* pokemonMVC */ = {
			isa = PBXGroup;
			children = (
				56806F6D26B21B4E008C3F04 /* AppDelegate.swift */,
				56374AFF26B21D9300DE05F7 /* DetailViewController.swift */,
				56806F8626B21BE8008C3F04 /* Controller */,
				56806F8226B21B8F008C3F04 /* Model */,
				56806F6F26B21B4E008C3F04 /* SceneDelegate.swift */,
				56E638DF26B21C890025AE1B /* View */,
				56806F8A26B21C11008C3F04 /* Mock */,
				56806F7326B21B4E008C3F04 /* Main.storyboard */,
				56806F7626B21B4F008C3F04 /* Assets.xcassets */,
				56806F7826B21B4F008C3F04 /* LaunchScreen.storyboard */,
				56806F7B26B21B4F008C3F04 /* Info.plist */,
			);
			path = pokemonMVC;
			sourceTree = "<group>";
		};
		56806F8226B21B8F008C3F04 /* Model */ = {
			isa = PBXGroup;
			children = (
				56806F8326B21BA9008C3F04 /* pokemon.swift */,
			);
			path = Model;
			sourceTree = "<group>";
		};
		56806F8626B21BE8008C3F04 /* Controller */ = {
			isa = PBXGroup;
			children = (
				56806F8726B21BFD008C3F04 /* PokemonListController.swift */,
			);
			path = Controller;
			sourceTree = "<group>";
		};
		56806F8A26B21C11008C3F04 /* Mock */ = {
			isa = PBXGroup;
			children = (
				56806F8B26B21C1E008C3F04 /* pokemon.json */,
			);
			path = Mock;
			sourceTree = "<group>";
		};
		56E638DF26B21C890025AE1B /* View */ = {
			isa = PBXGroup;
			children = (
				56374AF926B21D6400DE05F7 /* CustomCell.swift */,
				56374AFA26B21D6400DE05F7 /* CustomCell.xib */,
				56806F7126B21B4E008C3F04 /* ViewController.swift */,
			);
			path = View;
			sourceTree = "<group>";
		};
/* End PBXGroup section */

/* Begin PBXNativeTarget section */
		56806F6926B21B4E008C3F04 /* pokemonMVC */ = {
			isa = PBXNativeTarget;
			buildConfigurationList = 56806F7E26B21B4F008C3F04 /* Build configuration list for PBXNativeTarget "pokemonMVC" */;
			buildPhases = (
				56806F6626B21B4E008C3F04 /* Sources */,
				56806F6726B21B4E008C3F04 /* Frameworks */,
				56806F6826B21B4E008C3F04 /* Resources */,
			);
			buildRules = (
			);
			dependencies = (
			);
			name = pokemonMVC;
			productName = pokemonMVC;
			productReference = 56806F6A26B21B4E008C3F04 /* pokemonMVC.app */;
			productType = "com.apple.product-type.application";
		};
/* End PBXNativeTarget section */

/* Begin PBXProject section */
		56806F6226B21B4E008C3F04 /* Project object */ = {
			isa = PBXProject;
			attributes = {
				LastSwiftUpdateCheck = 1240;
				LastUpgradeCheck = 1240;
				TargetAttributes = {
					56806F6926B21B4E008C3F04 = {
						CreatedOnToolsVersion = 12.4;
					};
				};
			};
			buildConfigurationList = 56806F6526B21B4E008C3F04 /* Build configuration list for PBXProject "pokemonMVC" */;
			compatibilityVersion = "Xcode 9.3";
			developmentRegion = en;
			hasScannedForEncodings = 0;
			knownRegions = (
				en,
				Base,
			);
			mainGroup = 56806F6126B21B4E008C3F04;
			productRefGroup = 56806F6B26B21B4E008C3F04 /* Products */;
			projectDirPath = "";
			projectRoot = "";
			targets = (
				56806F6926B21B4E008C3F04 /* pokemonMVC */,
			);
		};
/* End PBXProject section */

/* Begin PBXResourcesBuildPhase section */
		56806F6826B21B4E008C3F04 /* Resources */ = {
			isa = PBXResourcesBuildPhase;
			buildActionMask = 2147483647;
			files = (
				56374AFC26B21D6400DE05F7 /* CustomCell.xib in Resources */,
				56806F7A26B21B4F008C3F04 /* LaunchScreen.storyboard in Resources */,
				56806F8C26B21C1E008C3F04 /* pokemon.json in Resources */,
				56806F7726B21B4F008C3F04 /* Assets.xcassets in Resources */,
				56806F7526B21B4E008C3F04 /* Main.storyboard in Resources */,
			);
			runOnlyForDeploymentPostprocessing = 0;
		};
/* End PBXResourcesBuildPhase section */

/* Begin PBXSourcesBuildPhase section */
		56806F6626B21B4E008C3F04 /* Sources */ = {
			isa = PBXSourcesBuildPhase;
			buildActionMask = 2147483647;
			files = (
				56806F7226B21B4E008C3F04 /* ViewController.swift in Sources */,
				56806F8826B21BFD008C3F04 /* PokemonListController.swift in Sources */,
				56806F8426B21BA9008C3F04 /* pokemon.swift in Sources */,
				56806F6E26B21B4E008C3F04 /* AppDelegate.swift in Sources */,
				56374AFB26B21D6400DE05F7 /* CustomCell.swift in Sources */,
				56806F7026B21B4E008C3F04 /* SceneDelegate.swift in Sources */,
				56374B0026B21D9300DE05F7 /* DetailViewController.swift in Sources */,
			);
			runOnlyForDeploymentPostprocessing = 0;
		};
/* End PBXSourcesBuildPhase section */

/* Begin PBXVariantGroup section */
		56806F7326B21B4E008C3F04 /* Main.storyboard */ = {
			isa = PBXVariantGroup;
			children = (
				56806F7426B21B4E008C3F04 /* Base */,
			);
			name = Main.storyboard;
			sourceTree = "<group>";
		};
		56806F7826B21B4F008C3F04 /* LaunchScreen.storyboard */ = {
			isa = PBXVariantGroup;
			children = (
				56806F7926B21B4F008C3F04 /* Base */,
			);
			name = LaunchScreen.storyboard;
			sourceTree = "<group>";
		};
/* End PBXVariantGroup section */

/* Begin XCBuildConfiguration section */
		56806F7C26B21B4F008C3F04 /* Debug */ = {
			isa = XCBuildConfiguration;
			buildSettings = {
				ALWAYS_SEARCH_USER_PATHS = NO;
				CLANG_ANALYZER_NONNULL = YES;
				CLANG_ANALYZER_NUMBER_OBJECT_CONVERSION = YES_AGGRESSIVE;
				CLANG_CXX_LANGUAGE_STANDARD = "gnu++14";
				CLANG_CXX_LIBRARY = "libc++";
				CLANG_ENABLE_MODULES = YES;
				CLANG_ENABLE_OBJC_ARC = YES;
				CLANG_ENABLE_OBJC_WEAK = YES;
				CLANG_WARN_BLOCK_CAPTURE_AUTORELEASING = YES;
				CLANG_WARN_BOOL_CONVERSION = YES;
				CLANG_WARN_COMMA = YES;
				CLANG_WARN_CONSTANT_CONVERSION = YES;
				CLANG_WARN_DEPRECATED_OBJC_IMPLEMENTATIONS = YES;
				CLANG_WARN_DIRECT_OBJC_ISA_USAGE = YES_ERROR;
				CLANG_WARN_DOCUMENTATION_COMMENTS = YES;
				CLANG_WARN_EMPTY_BODY = YES;
				CLANG_WARN_ENUM_CONVERSION = YES;
				CLANG_WARN_INFINITE_RECURSION = YES;
				CLANG_WARN_INT_CONVERSION = YES;
				CLANG_WARN_NON_LITERAL_NULL_CONVERSION = YES;
				CLANG_WARN_OBJC_IMPLICIT_RETAIN_SELF = YES;
				CLANG_WARN_OBJC_LITERAL_CONVERSION = YES;
				CLANG_WARN_OBJC_ROOT_CLASS = YES_ERROR;
				CLANG_WARN_QUOTED_INCLUDE_IN_FRAMEWORK_HEADER = YES;
				CLANG_WARN_RANGE_LOOP_ANALYSIS = YES;
				CLANG_WARN_STRICT_PROTOTYPES = YES;
				CLANG_WARN_SUSPICIOUS_MOVE = YES;
				CLANG_WARN_UNGUARDED_AVAILABILITY = YES_AGGRESSIVE;
				CLANG_WARN_UNREACHABLE_CODE = YES;
				CLANG_WARN__DUPLICATE_METHOD_MATCH = YES;
				COPY_PHASE_STRIP = NO;
				DEBUG_INFORMATION_FORMAT = dwarf;
				ENABLE_STRICT_OBJC_MSGSEND = YES;
				ENABLE_TESTABILITY = YES;
				GCC_C_LANGUAGE_STANDARD = gnu11;
				GCC_DYNAMIC_NO_PIC = NO;
				GCC_NO_COMMON_BLOCKS = YES;
				GCC_OPTIMIZATION_LEVEL = 0;
				GCC_PREPROCESSOR_DEFINITIONS = (
					"DEBUG=1",
					"$(inherited)",
				);
				GCC_WARN_64_TO_32_BIT_CONVERSION = YES;
				GCC_WARN_ABOUT_RETURN_TYPE = YES_ERROR;
				GCC_WARN_UNDECLARED_SELECTOR = YES;
				GCC_WARN_UNINITIALIZED_AUTOS = YES_AGGRESSIVE;
				GCC_WARN_UNUSED_FUNCTION = YES;
				GCC_WARN_UNUSED_VARIABLE = YES;
				IPHONEOS_DEPLOYMENT_TARGET = 14.4;
				MTL_ENABLE_DEBUG_INFO = INCLUDE_SOURCE;
				MTL_FAST_MATH = YES;
				ONLY_ACTIVE_ARCH = YES;
				SDKROOT = iphoneos;
				SWIFT_ACTIVE_COMPILATION_CONDITIONS = DEBUG;
				SWIFT_OPTIMIZATION_LEVEL = "-Onone";
			};
			name = Debug;
		};
		56806F7D26B21B4F008C3F04 /* Release */ = {
			isa = XCBuildConfiguration;
			buildSettings = {
				ALWAYS_SEARCH_USER_PATHS = NO;
				CLANG_ANALYZER_NONNULL = YES;
				CLANG_ANALYZER_NUMBER_OBJECT_CONVERSION = YES_AGGRESSIVE;
				CLANG_CXX_LANGUAGE_STANDARD = "gnu++14";
				CLANG_CXX_LIBRARY = "libc++";
				CLANG_ENABLE_MODULES = YES;
				CLANG_ENABLE_OBJC_ARC = YES;
				CLANG_ENABLE_OBJC_WEAK = YES;
				CLANG_WARN_BLOCK_CAPTURE_AUTORELEASING = YES;
				CLANG_WARN_BOOL_CONVERSION = YES;
				CLANG_WARN_COMMA = YES;
				CLANG_WARN_CONSTANT_CONVERSION = YES;
				CLANG_WARN_DEPRECATED_OBJC_IMPLEMENTATIONS = YES;
				CLANG_WARN_DIRECT_OBJC_ISA_USAGE = YES_ERROR;
				CLANG_WARN_DOCUMENTATION_COMMENTS = YES;
				CLANG_WARN_EMPTY_BODY = YES;
				CLANG_WARN_ENUM_CONVERSION = YES;
				CLANG_WARN_INFINITE_RECURSION = YES;
				CLANG_WARN_INT_CONVERSION = YES;
				CLANG_WARN_NON_LITERAL_NULL_CONVERSION = YES;
				CLANG_WARN_OBJC_IMPLICIT_RETAIN_SELF = YES;
				CLANG_WARN_OBJC_LITERAL_CONVERSION = YES;
				CLANG_WARN_OBJC_ROOT_CLASS = YES_ERROR;
				CLANG_WARN_QUOTED_INCLUDE_IN_FRAMEWORK_HEADER = YES;
				CLANG_WARN_RANGE_LOOP_ANALYSIS = YES;
				CLANG_WARN_STRICT_PROTOTYPES = YES;
				CLANG_WARN_SUSPICIOUS_MOVE = YES;
				CLANG_WARN_UNGUARDED_AVAILABILITY = YES_AGGRESSIVE;
				CLANG_WARN_UNREACHABLE_CODE = YES;
				CLANG_WARN__DUPLICATE_METHOD_MATCH = YES;
				COPY_PHASE_STRIP = NO;
				DEBUG_INFORMATION_FORMAT = "dwarf-with-dsym";
				ENABLE_NS_ASSERTIONS = NO;
				ENABLE_STRICT_OBJC_MSGSEND = YES;
				GCC_C_LANGUAGE_STANDARD = gnu11;
				GCC_NO_COMMON_BLOCKS = YES;
				GCC_WARN_64_TO_32_BIT_CONVERSION = YES;
				GCC_WARN_ABOUT_RETURN_TYPE = YES_ERROR;
				GCC_WARN_UNDECLARED_SELECTOR = YES;
				GCC_WARN_UNINITIALIZED_AUTOS = YES_AGGRESSIVE;
				GCC_WARN_UNUSED_FUNCTION = YES;
				GCC_WARN_UNUSED_VARIABLE = YES;
				IPHONEOS_DEPLOYMENT_TARGET = 14.4;
				MTL_ENABLE_DEBUG_INFO = NO;
				MTL_FAST_MATH = YES;
				SDKROOT = iphoneos;
				SWIFT_COMPILATION_MODE = wholemodule;
				SWIFT_OPTIMIZATION_LEVEL = "-O";
				VALIDATE_PRODUCT = YES;
			};
			name = Release;
		};
		56806F7F26B21B4F008C3F04 /* Debug */ = {
			isa = XCBuildConfiguration;
			buildSettings = {
				ASSETCATALOG_COMPILER_APPICON_NAME = AppIcon;
				ASSETCATALOG_COMPILER_GLOBAL_ACCENT_COLOR_NAME = AccentColor;
				CODE_SIGN_STYLE = Automatic;
				INFOPLIST_FILE = pokemonMVC/Info.plist;
				LD_RUNPATH_SEARCH_PATHS = (
					"$(inherited)",
					"@executable_path/Frameworks",
				);
				PRODUCT_BUNDLE_IDENTIFIER = DanielIgnacio.pokemonMVC;
				PRODUCT_NAME = "$(TARGET_NAME)";
				SWIFT_VERSION = 5.0;
				TARGETED_DEVICE_FAMILY = "1,2";
			};
			name = Debug;
		};
		56806F8026B21B4F008C3F04 /* Release */ = {
			isa = XCBuildConfiguration;
			buildSettings = {
				ASSETCATALOG_COMPILER_APPICON_NAME = AppIcon;
				ASSETCATALOG_COMPILER_GLOBAL_ACCENT_COLOR_NAME = AccentColor;
				CODE_SIGN_STYLE = Automatic;
				INFOPLIST_FILE = pokemonMVC/Info.plist;
				LD_RUNPATH_SEARCH_PATHS = (
					"$(inherited)",
					"@executable_path/Frameworks",
				);
				PRODUCT_BUNDLE_IDENTIFIER = DanielIgnacio.pokemonMVC;
				PRODUCT_NAME = "$(TARGET_NAME)";
				SWIFT_VERSION = 5.0;
				TARGETED_DEVICE_FAMILY = "1,2";
			};
			name = Release;
		};
/* End XCBuildConfiguration section */

/* Begin XCConfigurationList section */
		56806F6526B21B4E008C3F04 /* Build configuration list for PBXProject "pokemonMVC" */ = {
			isa = XCConfigurationList;
			buildConfigurations = (
				56806F7C26B21B4F008C3F04 /* Debug */,
				56806F7D26B21B4F008C3F04 /* Release */,
			);
			defaultConfigurationIsVisible = 0;
			defaultConfigurationName = Release;
		};
		56806F7E26B21B4F008C3F04 /* Build configuration list for PBXNativeTarget "pokemonMVC" */ = {
			isa = XCConfigurationList;
			buildConfigurations = (
				56806F7F26B21B4F008C3F04 /* Debug */,
				56806F8026B21B4F008C3F04 /* Release */,
			);
			defaultConfigurationIsVisible = 0;
			defaultConfigurationName = Release;
		};
/* End XCConfigurationList section */
	};
	rootObject = 56806F6226B21B4E008C3F04 /* Project object */;
}
